
Microsoft Visual Studio Solution File, Format Version 12.00
# Visual Studio Version 16
VisualStudioVersion = 16.0.30717.126
MinimumVisualStudioVersion = 10.0.40219.1
Project("{9A19103F-16F7-4668-BE54-9A1E7A4F7556}") = "KihBot", "Source\KihBot.csproj", "{03E906AD-BDBB-482A-9A20-254A2CCD84E1}"
EndProject
Global
	GlobalSection(SolutionConfigurationPlatforms) = preSolution
		Debug|Any CPU = Debug|Any CPU
		Release|Any CPU = Release|Any CPU
	EndGlobalSection
	GlobalSection(ProjectConfigurationPlatforms) = postSolution
		{03E906AD-BDBB-482A-9A20-254A2CCD84E1}.Debug|Any CPU.ActiveCfg = Debug|Any CPU
		{03E906AD-BDBB-482A-9A20-254A2CCD84E1}.Debug|Any CPU.Build.0 = Debug|Any CPU
		{03E906AD-BDBB-482A-9A20-254A2CCD84E1}.Release|Any CPU.ActiveCfg = Release|Any CPU
		{03E906AD-BDBB-482A-9A20-254A2CCD84E1}.Release|Any CPU.Build.0 = Release|Any CPU
	EndGlobalSection
	GlobalSection(SolutionProperties) = preSolution
		HideSolutionNode = FALSE
	EndGlobalSection
	GlobalSection(ExtensibilityGlobals) = postSolution
		SolutionGuid = {6D7D9F0E-90C2-4D91-B1EE-D849DAA506A9}
	EndGlobalSection
EndGlobal
